
Microsoft Visual Studio Solution File, Format Version 12.00
# Visual Studio Version 16
VisualStudioVersion = 16.0.31313.79
MinimumVisualStudioVersion = 10.0.40219.1
Project("{FAE04EC0-301F-11D3-BF4B-00C04F79EFBC}") = "ConsoleDapper", "ConsoleDapper.csproj", "{46914AA8-92B1-4F3C-ACB1-AE4815AD79DB}"
EndProject
Global
	GlobalSection(SolutionConfigurationPlatforms) = preSolution
		Debug|Any CPU = Debug|Any CPU
		Release|Any CPU = Release|Any CPU
	EndGlobalSection
	GlobalSection(ProjectConfigurationPlatforms) = postSolution
		{46914AA8-92B1-4F3C-ACB1-AE4815AD79DB}.Debug|Any CPU.ActiveCfg = Debug|Any CPU
		{46914AA8-92B1-4F3C-ACB1-AE4815AD79DB}.Debug|Any CPU.Build.0 = Debug|Any CPU
		{46914AA8-92B1-4F3C-ACB1-AE4815AD79DB}.Release|Any CPU.ActiveCfg = Release|Any CPU
		{46914AA8-92B1-4F3C-ACB1-AE4815AD79DB}.Release|Any CPU.Build.0 = Release|Any CPU
	EndGlobalSection
	GlobalSection(SolutionProperties) = preSolution
		HideSolutionNode = FALSE
	EndGlobalSection
	GlobalSection(ExtensibilityGlobals) = postSolution
		SolutionGuid = {A7DBC671-1578-47CC-9C42-C1FE928BFE09}
	EndGlobalSection
EndGlobal
